{
  "name": "Hawkish",
  "lockfileVersion": 2,
  "requires": true,
  "packages": {
    "": {
      "dependencies": {
        "@tanstack/react-table": "^8.9.2"
      }
    },
    "node_modules/@tanstack/react-table": {
      "version": "8.9.2",
      "resolved": "https://registry.npmjs.org/@tanstack/react-table/-/react-table-8.9.2.tgz",
      "integrity": "sha512-Irvw4wqVF9hhuYzmNrlae4IKdlmgSyoRWnApSLebvYzqHoi5tEsYzBj6YPd0hX78aB/L+4w/jgK2eBQVpGfThQ==",
      "dependencies": {
        "@tanstack/table-core": "8.9.2"
      },
      "engines": {
        "node": ">=12"
      },
      "funding": {
        "type": "github",
        "url": "https://github.com/sponsors/tannerlinsley"
      },
      "peerDependencies": {
        "react": ">=16",
        "react-dom": ">=16"
      }
    },
    "node_modules/@tanstack/table-core": {
      "version": "8.9.2",
      "resolved": "https://registry.npmjs.org/@tanstack/table-core/-/table-core-8.9.2.tgz",
      "integrity": "sha512-ajc0OF+karBAdaSz7OK09rCoAHB1XI1+wEhu+tDNMPc+XcO+dTlXXN/Vc0a8vym4kElvEjXEDd9c8Zfgt4bekA==",
      "engines": {
        "node": ">=12"
      },
      "funding": {
        "type": "github",
        "url": "https://github.com/sponsors/tannerlinsley"
      }
    }
  },
  "dependencies": {
    "@tanstack/react-table": {
      "version": "8.9.2",
      "resolved": "https://registry.npmjs.org/@tanstack/react-table/-/react-table-8.9.2.tgz",
      "integrity": "sha512-Irvw4wqVF9hhuYzmNrlae4IKdlmgSyoRWnApSLebvYzqHoi5tEsYzBj6YPd0hX78aB/L+4w/jgK2eBQVpGfThQ==",
      "requires": {
        "@tanstack/table-core": "8.9.2"
      }
    },
    "@tanstack/table-core": {
      "version": "8.9.2",
      "resolved": "https://registry.npmjs.org/@tanstack/table-core/-/table-core-8.9.2.tgz",
      "integrity": "sha512-ajc0OF+karBAdaSz7OK09rCoAHB1XI1+wEhu+tDNMPc+XcO+dTlXXN/Vc0a8vym4kElvEjXEDd9c8Zfgt4bekA=="
    }
  }
}
